// !$*UTF8*$!
{
	archiveVersion = 1;
	classes = {
	};
	objectVersion = 46;
	objects = {

/* Begin PBXBuildFile section */
		FBA582AB1EF0152D004B2773 /* main.m in Sources */ = {isa = PBXBuildFile; fileRef = FBA582AA1EF0152D004B2773 /* main.m */; };
		FBA582AE1EF0152D004B2773 /* AppDelegate.m in Sources */ = {isa = PBXBuildFile; fileRef = FBA582AD1EF0152D004B2773 /* AppDelegate.m */; };
		FBA582B11EF0152D004B2773 /* ViewController.m in Sources */ = {isa = PBXBuildFile; fileRef = FBA582B01EF0152D004B2773 /* ViewController.m */; };
		FBA582B41EF0152D004B2773 /* Main.storyboard in Resources */ = {isa = PBXBuildFile; fileRef = FBA582B21EF0152D004B2773 /* Main.storyboard */; };
		FBA582B61EF0152D004B2773 /* Assets.xcassets in Resources */ = {isa = PBXBuildFile; fileRef = FBA582B51EF0152D004B2773 /* Assets.xcassets */; };
		FBA582B91EF0152D004B2773 /* LaunchScreen.storyboard in Resources */ = {isa = PBXBuildFile; fileRef = FBA582B71EF0152D004B2773 /* LaunchScreen.storyboard */; };
		FBA582C31EF0157F004B2773 /* SingletonObject.m in Sources */ = {isa = PBXBuildFile; fileRef = FBA582C21EF0157F004B2773 /* SingletonObject.m */; };
/* End PBXBuildFile section */

/* Begin PBXFileReference section */
		FBA582A61EF0152C004B2773 /* Singleton.app */ = {isa = PBXFileReference; explicitFileType = wrapper.application; includeInIndex = 0; path = Singleton.app; sourceTree = BUILT_PRODUCTS_DIR; };
		FBA582AA1EF0152D004B2773 /* main.m */ = {isa = PBXFileReference; lastKnownFileType = sourcecode.c.objc; path = main.m; sourceTree = "<group>"; };
		FBA582AC1EF0152D004B2773 /* AppDelegate.h */ = {isa = PBXFileReference; lastKnownFileType = sourcecode.c.h; path = AppDelegate.h; sourceTree = "<group>"; };
		FBA582AD1EF0152D004B2773 /* AppDelegate.m */ = {isa = PBXFileReference; lastKnownFileType = sourcecode.c.objc; path = AppDelegate.m; sourceTree = "<group>"; };
		FBA582AF1EF0152D004B2773 /* ViewController.h */ = {isa = PBXFileReference; lastKnownFileType = sourcecode.c.h; path = ViewController.h; sourceTree = "<group>"; };
		FBA582B01EF0152D004B2773 /* ViewController.m */ = {isa = PBXFileReference; lastKnownFileType = sourcecode.c.objc; path = ViewController.m; sourceTree = "<group>"; };
		FBA582B31EF0152D004B2773 /* Base */ = {isa = PBXFileReference; lastKnownFileType = file.storyboard; name = Base; path = Base.lproj/Main.storyboard; sourceTree = "<group>"; };
		FBA582B51EF0152D004B2773 /* Assets.xcassets */ = {isa = PBXFileReference; lastKnownFileType = folder.assetcatalog; path = Assets.xcassets; sourceTree = "<group>"; };
		FBA582B81EF0152D004B2773 /* Base */ = {isa = PBXFileReference; lastKnownFileType = file.storyboard; name = Base; path = Base.lproj/LaunchScreen.storyboard; sourceTree = "<group>"; };
		FBA582BA1EF0152D004B2773 /* Info.plist */ = {isa = PBXFileReference; lastKnownFileType = text.plist.xml; path = Info.plist; sourceTree = "<group>"; };
		FBA582C11EF0157F004B2773 /* SingletonObject.h */ = {isa = PBXFileReference; fileEncoding = 4; lastKnownFileType = sourcecode.c.h; path = SingletonObject.h; sourceTree = "<group>"; };
		FBA582C21EF0157F004B2773 /* SingletonObject.m */ = {isa = PBXFileReference; fileEncoding = 4; lastKnownFileType = sourcecode.c.objc; path = SingletonObject.m; sourceTree = "<group>"; };
/* End PBXFileReference section */

/* Begin PBXFrameworksBuildPhase section */
		FBA582A31EF0152C004B2773 /* Frameworks */ = {
			isa = PBXFrameworksBuildPhase;
			buildActionMask = 2147483647;
			files = (
			);
			runOnlyForDeploymentPostprocessing = 0;
		};
/* End PBXFrameworksBuildPhase section */

/* Begin PBXGroup section */
		FBA5829D1EF0152C004B2773 = {
			isa = PBXGroup;
			children = (
				FBA582A81EF0152C004B2773 /* Singleton */,
				FBA582A71EF0152C004B2773 /* Products */,
			);
			sourceTree = "<group>";
		};
		FBA582A71EF0152C004B2773 /* Products */ = {
			isa = PBXGroup;
			children = (
				FBA582A61EF0152C004B2773 /* Singleton.app */,
			);
			name = Products;
			sourceTree = "<group>";
		};
		FBA582A81EF0152C004B2773 /* Singleton */ = {
			isa = PBXGroup;
			children = (
				FBA582C01EF01558004B2773 /* Pattern */,
				FBA582AC1EF0152D004B2773 /* AppDelegate.h */,
				FBA582AD1EF0152D004B2773 /* AppDelegate.m */,
				FBA582AF1EF0152D004B2773 /* ViewController.h */,
				FBA582B01EF0152D004B2773 /* ViewController.m */,
				FBA582B21EF0152D004B2773 /* Main.storyboard */,
				FBA582B51EF0152D004B2773 /* Assets.xcassets */,
				FBA582B71EF0152D004B2773 /* LaunchScreen.storyboard */,
				FBA582BA1EF0152D004B2773 /* Info.plist */,
				FBA582A91EF0152D004B2773 /* Supporting Files */,
			);
			path = Singleton;
			sourceTree = "<group>";
		};
		FBA582A91EF0152D004B2773 /* Supporting Files */ = {
			isa = PBXGroup;
			children = (
				FBA582AA1EF0152D004B2773 /* main.m */,
			);
			name = "Supporting Files";
			sourceTree = "<group>";
		};
		FBA582C01EF01558004B2773 /* Pattern */ = {
			isa = PBXGroup;
			children = (
				FBA582C11EF0157F004B2773 /* SingletonObject.h */,
				FBA582C21EF0157F004B2773 /* SingletonObject.m */,
			);
			name = Pattern;
			sourceTree = "<group>";
		};
/* End PBXGroup section */

/* Begin PBXNativeTarget section */
		FBA582A51EF0152C004B2773 /* Singleton */ = {
			isa = PBXNativeTarget;
			buildConfigurationList = FBA582BD1EF0152D004B2773 /* Build configuration list for PBXNativeTarget "Singleton" */;
			buildPhases = (
				FBA582A21EF0152C004B2773 /* Sources */,
				FBA582A31EF0152C004B2773 /* Frameworks */,
				FBA582A41EF0152C004B2773 /* Resources */,
			);
			buildRules = (
			);
			dependencies = (
			);
			name = Singleton;
			productName = Singleton;
			productReference = FBA582A61EF0152C004B2773 /* Singleton.app */;
			productType = "com.apple.product-type.application";
		};
/* End PBXNativeTarget section */

/* Begin PBXProject section */
		FBA5829E1EF0152C004B2773 /* Project object */ = {
			isa = PBXProject;
			attributes = {
				LastUpgradeCheck = 0820;
				ORGANIZATIONNAME = "Vasilii Burenkov";
				TargetAttributes = {
					FBA582A51EF0152C004B2773 = {
						CreatedOnToolsVersion = 8.2;
						ProvisioningStyle = Automatic;
					};
				};
			};
			buildConfigurationList = FBA582A11EF0152C004B2773 /* Build configuration list for PBXProject "Singleton" */;
			compatibilityVersion = "Xcode 3.2";
			developmentRegion = English;
			hasScannedForEncodings = 0;
			knownRegions = (
				en,
				Base,
			);
			mainGroup = FBA5829D1EF0152C004B2773;
			productRefGroup = FBA582A71EF0152C004B2773 /* Products */;
			projectDirPath = "";
			projectRoot = "";
			targets = (
				FBA582A51EF0152C004B2773 /* Singleton */,
			);
		};
/* End PBXProject section */

/* Begin PBXResourcesBuildPhase section */
		FBA582A41EF0152C004B2773 /* Resources */ = {
			isa = PBXResourcesBuildPhase;
			buildActionMask = 2147483647;
			files = (
				FBA582B91EF0152D004B2773 /* LaunchScreen.storyboard in Resources */,
				FBA582B61EF0152D004B2773 /* Assets.xcassets in Resources */,
				FBA582B41EF0152D004B2773 /* Main.storyboard in Resources */,
			);
			runOnlyForDeploymentPostprocessing = 0;
		};
/* End PBXResourcesBuildPhase section */

/* Begin PBXSourcesBuildPhase section */
		FBA582A21EF0152C004B2773 /* Sources */ = {
			isa = PBXSourcesBuildPhase;
			buildActionMask = 2147483647;
			files = (
				FBA582B11EF0152D004B2773 /* ViewController.m in Sources */,
				FBA582AE1EF0152D004B2773 /* AppDelegate.m in Sources */,
				FBA582C31EF0157F004B2773 /* SingletonObject.m in Sources */,
				FBA582AB1EF0152D004B2773 /* main.m in Sources */,
			);
			runOnlyForDeploymentPostprocessing = 0;
		};
/* End PBXSourcesBuildPhase section */

/* Begin PBXVariantGroup section */
		FBA582B21EF0152D004B2773 /* Main.storyboard */ = {
			isa = PBXVariantGroup;
			children = (
				FBA582B31EF0152D004B2773 /* Base */,
			);
			name = Main.storyboard;
			sourceTree = "<group>";
		};
		FBA582B71EF0152D004B2773 /* LaunchScreen.storyboard */ = {
			isa = PBXVariantGroup;
			children = (
				FBA582B81EF0152D004B2773 /* Base */,
			);
			name = LaunchScreen.storyboard;
			sourceTree = "<group>";
		};
/* End PBXVariantGroup section */

/* Begin XCBuildConfiguration section */
		FBA582BB1EF0152D004B2773 /* Debug */ = {
			isa = XCBuildConfiguration;
			buildSettings = {
				ALWAYS_SEARCH_USER_PATHS = NO;
				CLANG_ANALYZER_NONNULL = YES;
				CLANG_CXX_LANGUAGE_STANDARD = "gnu++0x";
				CLANG_CXX_LIBRARY = "libc++";
				CLANG_ENABLE_MODULES = YES;
				CLANG_ENABLE_OBJC_ARC = YES;
				CLANG_WARN_BOOL_CONVERSION = YES;
				CLANG_WARN_CONSTANT_CONVERSION = YES;
				CLANG_WARN_DIRECT_OBJC_ISA_USAGE = YES_ERROR;
				CLANG_WARN_DOCUMENTATION_COMMENTS = YES;
				CLANG_WARN_EMPTY_BODY = YES;
				CLANG_WARN_ENUM_CONVERSION = YES;
				CLANG_WARN_INFINITE_RECURSION = YES;
				CLANG_WARN_INT_CONVERSION = YES;
				CLANG_WARN_OBJC_ROOT_CLASS = YES_ERROR;
				CLANG_WARN_SUSPICIOUS_MOVE = YES;
				CLANG_WARN_UNREACHABLE_CODE = YES;
				CLANG_WARN__DUPLICATE_METHOD_MATCH = YES;
				"CODE_SIGN_IDENTITY[sdk=iphoneos*]" = "iPhone Developer";
				COPY_PHASE_STRIP = NO;
				DEBUG_INFORMATION_FORMAT = dwarf;
				ENABLE_STRICT_OBJC_MSGSEND = YES;
				ENABLE_TESTABILITY = YES;
				GCC_C_LANGUAGE_STANDARD = gnu99;
				GCC_DYNAMIC_NO_PIC = NO;
				GCC_NO_COMMON_BLOCKS = YES;
				GCC_OPTIMIZATION_LEVEL = 0;
				GCC_PREPROCESSOR_DEFINITIONS = (
					"DEBUG=1",
					"$(inherited)",
				);
				GCC_WARN_64_TO_32_BIT_CONVERSION = YES;
				GCC_WARN_ABOUT_RETURN_TYPE = YES_ERROR;
				GCC_WARN_UNDECLARED_SELECTOR = YES;
				GCC_WARN_UNINITIALIZED_AUTOS = YES_AGGRESSIVE;
				GCC_WARN_UNUSED_FUNCTION = YES;
				GCC_WARN_UNUSED_VARIABLE = YES;
				IPHONEOS_DEPLOYMENT_TARGET = 10.2;
				MTL_ENABLE_DEBUG_INFO = YES;
				ONLY_ACTIVE_ARCH = YES;
				SDKROOT = iphoneos;
				TARGETED_DEVICE_FAMILY = "1,2";
			};
			name = Debug;
		};
		FBA582BC1EF0152D004B2773 /* Release */ = {
			isa = XCBuildConfiguration;
			buildSettings = {
				ALWAYS_SEARCH_USER_PATHS = NO;
				CLANG_ANALYZER_NONNULL = YES;
				CLANG_CXX_LANGUAGE_STANDARD = "gnu++0x";
				CLANG_CXX_LIBRARY = "libc++";
				CLANG_ENABLE_MODULES = YES;
				CLANG_ENABLE_OBJC_ARC = YES;
				CLANG_WARN_BOOL_CONVERSION = YES;
				CLANG_WARN_CONSTANT_CONVERSION = YES;
				CLANG_WARN_DIRECT_OBJC_ISA_USAGE = YES_ERROR;
				CLANG_WARN_DOCUMENTATION_COMMENTS = YES;
				CLANG_WARN_EMPTY_BODY = YES;
				CLANG_WARN_ENUM_CONVERSION = YES;
				CLANG_WARN_INFINITE_RECURSION = YES;
				CLANG_WARN_INT_CONVERSION = YES;
				CLANG_WARN_OBJC_ROOT_CLASS = YES_ERROR;
				CLANG_WARN_SUSPICIOUS_MOVE = YES;
				CLANG_WARN_UNREACHABLE_CODE = YES;
				CLANG_WARN__DUPLICATE_METHOD_MATCH = YES;
				"CODE_SIGN_IDENTITY[sdk=iphoneos*]" = "iPhone Developer";
				COPY_PHASE_STRIP = NO;
				DEBUG_INFORMATION_FORMAT = "dwarf-with-dsym";
				ENABLE_NS_ASSERTIONS = NO;
				ENABLE_STRICT_OBJC_MSGSEND = YES;
				GCC_C_LANGUAGE_STANDARD = gnu99;
				GCC_NO_COMMON_BLOCKS = YES;
				GCC_WARN_64_TO_32_BIT_CONVERSION = YES;
				GCC_WARN_ABOUT_RETURN_TYPE = YES_ERROR;
				GCC_WARN_UNDECLARED_SELECTOR = YES;
				GCC_WARN_UNINITIALIZED_AUTOS = YES_AGGRESSIVE;
				GCC_WARN_UNUSED_FUNCTION = YES;
				GCC_WARN_UNUSED_VARIABLE = YES;
				IPHONEOS_DEPLOYMENT_TARGET = 10.2;
				MTL_ENABLE_DEBUG_INFO = NO;
				SDKROOT = iphoneos;
				TARGETED_DEVICE_FAMILY = "1,2";
				VALIDATE_PRODUCT = YES;
			};
			name = Release;
		};
		FBA582BE1EF0152D004B2773 /* Debug */ = {
			isa = XCBuildConfiguration;
			buildSettings = {
				ASSETCATALOG_COMPILER_APPICON_NAME = AppIcon;
				INFOPLIST_FILE = Singleton/Info.plist;
				LD_RUNPATH_SEARCH_PATHS = "$(inherited) @executable_path/Frameworks";
				PRODUCT_BUNDLE_IDENTIFIER = com.burenkov.Singleton;
				PRODUCT_NAME = "$(TARGET_NAME)";
			};
			name = Debug;
		};
		FBA582BF1EF0152D004B2773 /* Release */ = {
			isa = XCBuildConfiguration;
			buildSettings = {
				ASSETCATALOG_COMPILER_APPICON_NAME = AppIcon;
				INFOPLIST_FILE = Singleton/Info.plist;
				LD_RUNPATH_SEARCH_PATHS = "$(inherited) @executable_path/Frameworks";
				PRODUCT_BUNDLE_IDENTIFIER = com.burenkov.Singleton;
				PRODUCT_NAME = "$(TARGET_NAME)";
			};
			name = Release;
		};
/* End XCBuildConfiguration section */

/* Begin XCConfigurationList section */
		FBA582A11EF0152C004B2773 /* Build configuration list for PBXProject "Singleton" */ = {
			isa = XCConfigurationList;
			buildConfigurations = (
				FBA582BB1EF0152D004B2773 /* Debug */,
				FBA582BC1EF0152D004B2773 /* Release */,
			);
			defaultConfigurationIsVisible = 0;
			defaultConfigurationName = Release;
		};
		FBA582BD1EF0152D004B2773 /* Build configuration list for PBXNativeTarget "Singleton" */ = {
			isa = XCConfigurationList;
			buildConfigurations = (
				FBA582BE1EF0152D004B2773 /* Debug */,
				FBA582BF1EF0152D004B2773 /* Release */,
			);
			defaultConfigurationIsVisible = 0;
		};
/* End XCConfigurationList section */
	};
	rootObject = FBA5829E1EF0152C004B2773 /* Project object */;
}
